// !$*UTF8*$!
{
	archiveVersion = 1;
	classes = {
	};
	objectVersion = 55;
	objects = {

/* Begin PBXBuildFile section */
		DA18D36628179A10006816CB /* Cast.swift in Sources */ = {isa = PBXBuildFile; fileRef = DA18D36528179A10006816CB /* Cast.swift */; };
		DA18D36828187A2A006816CB /* StringsExtension.swift in Sources */ = {isa = PBXBuildFile; fileRef = DA18D36728187A2A006816CB /* StringsExtension.swift */; };
		DA18D36A28188617006816CB /* InfoView.swift in Sources */ = {isa = PBXBuildFile; fileRef = DA18D36928188617006816CB /* InfoView.swift */; };
		DA18D36C28188622006816CB /* ShowHeaderView.swift in Sources */ = {isa = PBXBuildFile; fileRef = DA18D36B28188622006816CB /* ShowHeaderView.swift */; };
		DA18D36E2818863B006816CB /* InfoViewModel.swift in Sources */ = {isa = PBXBuildFile; fileRef = DA18D36D2818863B006816CB /* InfoViewModel.swift */; };
		DA18D3702818864A006816CB /* ShowHeaderViewModel.swift in Sources */ = {isa = PBXBuildFile; fileRef = DA18D36F2818864A006816CB /* ShowHeaderViewModel.swift */; };
		DA18D37228189748006816CB /* SeasonView.swift in Sources */ = {isa = PBXBuildFile; fileRef = DA18D37128189748006816CB /* SeasonView.swift */; };
		DA18D37428189EC3006816CB /* AppColors.swift in Sources */ = {isa = PBXBuildFile; fileRef = DA18D37328189EC3006816CB /* AppColors.swift */; };
		DA18D37A2818A6D3006816CB /* EpisodeDetailsRouter.swift in Sources */ = {isa = PBXBuildFile; fileRef = DA18D3792818A6D3006816CB /* EpisodeDetailsRouter.swift */; };
		DA18D37C2818A6DF006816CB /* EpisodeDetailsView.swift in Sources */ = {isa = PBXBuildFile; fileRef = DA18D37B2818A6DF006816CB /* EpisodeDetailsView.swift */; };
		DA18D37E2818A6EC006816CB /* EpisodeDetailsViewModel.swift in Sources */ = {isa = PBXBuildFile; fileRef = DA18D37D2818A6EC006816CB /* EpisodeDetailsViewModel.swift */; };
		DA18D3802818C313006816CB /* Rating.swift in Sources */ = {isa = PBXBuildFile; fileRef = DA18D37F2818C313006816CB /* Rating.swift */; };
		DA18D3822818C80B006816CB /* EpisodeHeaderView.swift in Sources */ = {isa = PBXBuildFile; fileRef = DA18D3812818C80B006816CB /* EpisodeHeaderView.swift */; };
		DA18D3842818C82F006816CB /* EpisodeHeaderViewModel.swift in Sources */ = {isa = PBXBuildFile; fileRef = DA18D3832818C82F006816CB /* EpisodeHeaderViewModel.swift */; };
		DA18D38B2818D623006816CB /* PeopleDetailRouter.swift in Sources */ = {isa = PBXBuildFile; fileRef = DA18D38A2818D623006816CB /* PeopleDetailRouter.swift */; };
		DA18D38D2818D62D006816CB /* PeopleDetailView.swift in Sources */ = {isa = PBXBuildFile; fileRef = DA18D38C2818D62D006816CB /* PeopleDetailView.swift */; };
		DA18D38F2818D639006816CB /* PeopleDetailViewModel.swift in Sources */ = {isa = PBXBuildFile; fileRef = DA18D38E2818D639006816CB /* PeopleDetailViewModel.swift */; };
		DA18D3922818D80B006816CB /* PeopleEndpoint.swift in Sources */ = {isa = PBXBuildFile; fileRef = DA18D3912818D80B006816CB /* PeopleEndpoint.swift */; };
		DA18D3942818D816006816CB /* PeopleService.swift in Sources */ = {isa = PBXBuildFile; fileRef = DA18D3932818D816006816CB /* PeopleService.swift */; };
		DA18D3962818F036006816CB /* ArrayExtension.swift in Sources */ = {isa = PBXBuildFile; fileRef = DA18D3952818F036006816CB /* ArrayExtension.swift */; };
		DA18D39828197F91006816CB /* PeopleDetailHeaderView.swift in Sources */ = {isa = PBXBuildFile; fileRef = DA18D39728197F90006816CB /* PeopleDetailHeaderView.swift */; };
		DA18D39A28197FA2006816CB /* PeopleDetailShowsView.swift in Sources */ = {isa = PBXBuildFile; fileRef = DA18D39928197FA2006816CB /* PeopleDetailShowsView.swift */; };
		DA18D39C28198308006816CB /* DateExtensions.swift in Sources */ = {isa = PBXBuildFile; fileRef = DA18D39B28198308006816CB /* DateExtensions.swift */; };
		DA18D39E281984B2006816CB /* PeopleDetailsHeaderViewModel.swift in Sources */ = {isa = PBXBuildFile; fileRef = DA18D39D281984B2006816CB /* PeopleDetailsHeaderViewModel.swift */; };
		DA18D3A4281985E6006816CB /* SettingsRouter.swift in Sources */ = {isa = PBXBuildFile; fileRef = DA18D3A3281985E6006816CB /* SettingsRouter.swift */; };
		DA18D3A628198608006816CB /* SettingsViewModel.swift in Sources */ = {isa = PBXBuildFile; fileRef = DA18D3A528198608006816CB /* SettingsViewModel.swift */; };
		DA18D3A828198612006816CB /* SettingsView.swift in Sources */ = {isa = PBXBuildFile; fileRef = DA18D3A728198612006816CB /* SettingsView.swift */; };
		DA18D3AA2819864B006816CB /* UserDefaultsExtension.swift in Sources */ = {isa = PBXBuildFile; fileRef = DA18D3A92819864B006816CB /* UserDefaultsExtension.swift */; };
		DA18D3AC281988F6006816CB /* UIViewControllerExtension.swift in Sources */ = {isa = PBXBuildFile; fileRef = DA18D3AB281988F6006816CB /* UIViewControllerExtension.swift */; };
		DA18D3AF28198A95006816CB /* KeychainManager.swift in Sources */ = {isa = PBXBuildFile; fileRef = DA18D3AE28198A95006816CB /* KeychainManager.swift */; };
		DA18D3B128198AB6006816CB /* AuthenticationService.swift in Sources */ = {isa = PBXBuildFile; fileRef = DA18D3B028198AB6006816CB /* AuthenticationService.swift */; };
		DA18D3B428198CFF006816CB /* PinInputView.swift in Sources */ = {isa = PBXBuildFile; fileRef = DA18D3B328198CFF006816CB /* PinInputView.swift */; };
		DA18D3BA28198DAE006816CB /* PinRegistrationViewController.swift in Sources */ = {isa = PBXBuildFile; fileRef = DA18D3B928198DAE006816CB /* PinRegistrationViewController.swift */; };
		DA18D3BC28198DC1006816CB /* PinRegistrationRouter.swift in Sources */ = {isa = PBXBuildFile; fileRef = DA18D3BB28198DC1006816CB /* PinRegistrationRouter.swift */; };
		DA18D3BE28198DD1006816CB /* PinRegistrationViewModel.swift in Sources */ = {isa = PBXBuildFile; fileRef = DA18D3BD28198DD1006816CB /* PinRegistrationViewModel.swift */; };
		DA18D3C428198ED1006816CB /* GuardViewController.swift in Sources */ = {isa = PBXBuildFile; fileRef = DA18D3C328198ED1006816CB /* GuardViewController.swift */; };
		DA18D3C628198EDF006816CB /* GuardViewModel.swift in Sources */ = {isa = PBXBuildFile; fileRef = DA18D3C528198EDF006816CB /* GuardViewModel.swift */; };
		DA18D3C828198EE9006816CB /* GuardRouter.swift in Sources */ = {isa = PBXBuildFile; fileRef = DA18D3C728198EE9006816CB /* GuardRouter.swift */; };
		DA18D3CF2819DD60006816CB /* ArrayExtensionTests.swift in Sources */ = {isa = PBXBuildFile; fileRef = DA18D3CE2819DD60006816CB /* ArrayExtensionTests.swift */; };
		DA18D3D52819E020006816CB /* KeychainServiceTests.swift in Sources */ = {isa = PBXBuildFile; fileRef = DA18D3D42819E020006816CB /* KeychainServiceTests.swift */; };
		DA18D3D72819E5BA006816CB /* AuthenticationServiceTests.swift in Sources */ = {isa = PBXBuildFile; fileRef = DA18D3D62819E5BA006816CB /* AuthenticationServiceTests.swift */; };
		DAA95F5B2815E7890085388A /* AppDelegate.swift in Sources */ = {isa = PBXBuildFile; fileRef = DAA95F5A2815E7890085388A /* AppDelegate.swift */; };
		DAA95F5D2815E7890085388A /* SceneDelegate.swift in Sources */ = {isa = PBXBuildFile; fileRef = DAA95F5C2815E7890085388A /* SceneDelegate.swift */; };
		DAA95F642815E78D0085388A /* Assets.xcassets in Resources */ = {isa = PBXBuildFile; fileRef = DAA95F632815E78D0085388A /* Assets.xcassets */; };
		DAA95F672815E78D0085388A /* LaunchScreen.storyboard in Resources */ = {isa = PBXBuildFile; fileRef = DAA95F652815E78D0085388A /* LaunchScreen.storyboard */; };
		DAA95F722815E78D0085388A /* MazeAppTests.swift in Sources */ = {isa = PBXBuildFile; fileRef = DAA95F712815E78D0085388A /* MazeAppTests.swift */; };
		DAA95F982815EEB10085388A /* MazeNetwork in Frameworks */ = {isa = PBXBuildFile; productRef = DAA95F972815EEB10085388A /* MazeNetwork */; };
		DAA95F9B2815F2070085388A /* Nuke in Frameworks */ = {isa = PBXBuildFile; productRef = DAA95F9A2815F2070085388A /* Nuke */; };
		DAA95FA32815F3980085388A /* Show.swift in Sources */ = {isa = PBXBuildFile; fileRef = DAA95FA22815F3980085388A /* Show.swift */; };
		DAA95FA52815F3B50085388A /* ShowEndpoint.swift in Sources */ = {isa = PBXBuildFile; fileRef = DAA95FA42815F3B50085388A /* ShowEndpoint.swift */; };
		DAA95FA72815F4960085388A /* ShowService.swift in Sources */ = {isa = PBXBuildFile; fileRef = DAA95FA62815F4960085388A /* ShowService.swift */; };
		DAA95FAA2815F6A10085388A /* UIViewExtensions.swift in Sources */ = {isa = PBXBuildFile; fileRef = DAA95FA92815F6A10085388A /* UIViewExtensions.swift */; };
		DAA95FAC2815F6CB0085388A /* ReusableViews.swift in Sources */ = {isa = PBXBuildFile; fileRef = DAA95FAB2815F6CB0085388A /* ReusableViews.swift */; };
		DAA95FAE2815F8310085388A /* ShowListRouter.swift in Sources */ = {isa = PBXBuildFile; fileRef = DAA95FAD2815F8310085388A /* ShowListRouter.swift */; };
		DAA95FB02815F8A80085388A /* ShowListController.swift in Sources */ = {isa = PBXBuildFile; fileRef = DAA95FAF2815F8A80085388A /* ShowListController.swift */; };
		DAA95FB32815F9230085388A /* ShowListViewModel.swift in Sources */ = {isa = PBXBuildFile; fileRef = DAA95FB22815F9230085388A /* ShowListViewModel.swift */; };
		DAA95FB62815F99A0085388A /* RootRouter.swift in Sources */ = {isa = PBXBuildFile; fileRef = DAA95FB52815F99A0085388A /* RootRouter.swift */; };
		DAA95FB82815FA050085388A /* ApplicationTabBarController.swift in Sources */ = {isa = PBXBuildFile; fileRef = DAA95FB72815FA050085388A /* ApplicationTabBarController.swift */; };
		DAA95FBA2815FBBF0085388A /* NavigationControllerExtension.swift in Sources */ = {isa = PBXBuildFile; fileRef = DAA95FB92815FBBF0085388A /* NavigationControllerExtension.swift */; };
		DAA95FBC2815FD320085388A /* ShowCollectionCell.swift in Sources */ = {isa = PBXBuildFile; fileRef = DAA95FBB2815FD320085388A /* ShowCollectionCell.swift */; };
		DAA95FBE2815FDB30085388A /* UIFontExtension.swift in Sources */ = {isa = PBXBuildFile; fileRef = DAA95FBD2815FDB30085388A /* UIFontExtension.swift */; };
		DAA95FC0281606910085388A /* LoadableImageView.swift in Sources */ = {isa = PBXBuildFile; fileRef = DAA95FBF281606910085388A /* LoadableImageView.swift */; };
		DAA95FC3281606F80085388A /* ActivityIndicatorExtension.swift in Sources */ = {isa = PBXBuildFile; fileRef = DAA95FC2281606F80085388A /* ActivityIndicatorExtension.swift */; };
		DAA95FC628162A470085388A /* SearchRouter.swift in Sources */ = {isa = PBXBuildFile; fileRef = DAA95FC528162A470085388A /* SearchRouter.swift */; };
		DAA95FC828162A5A0085388A /* SearchController.swift in Sources */ = {isa = PBXBuildFile; fileRef = DAA95FC728162A5A0085388A /* SearchController.swift */; };
		DAA95FCA28162A6C0085388A /* SearchViewModel.swift in Sources */ = {isa = PBXBuildFile; fileRef = DAA95FC928162A6C0085388A /* SearchViewModel.swift */; };
		DAA95FCC28162AA50085388A /* SearchEndpoint.swift in Sources */ = {isa = PBXBuildFile; fileRef = DAA95FCB28162AA50085388A /* SearchEndpoint.swift */; };
		DAA95FCE28162AB10085388A /* SearchService.swift in Sources */ = {isa = PBXBuildFile; fileRef = DAA95FCD28162AB10085388A /* SearchService.swift */; };
		DAA95FD428162DE90085388A /* People.swift in Sources */ = {isa = PBXBuildFile; fileRef = DAA95FD328162DE90085388A /* People.swift */; };
		DAA95FD628162EA50085388A /* MazeImage.swift in Sources */ = {isa = PBXBuildFile; fileRef = DAA95FD528162EA50085388A /* MazeImage.swift */; };
		DAA95FD8281631150085388A /* SearchTableViewCell.swift in Sources */ = {isa = PBXBuildFile; fileRef = DAA95FD7281631150085388A /* SearchTableViewCell.swift */; };
		DAA95FDA281631A70085388A /* SearchTableCellModel.swift in Sources */ = {isa = PBXBuildFile; fileRef = DAA95FD9281631A70085388A /* SearchTableCellModel.swift */; };
		DAA95FE2281741760085388A /* ShowDetailsRouter.swift in Sources */ = {isa = PBXBuildFile; fileRef = DAA95FE1281741760085388A /* ShowDetailsRouter.swift */; };
		DAA95FE4281741870085388A /* ShowDetailsViewModel.swift in Sources */ = {isa = PBXBuildFile; fileRef = DAA95FE3281741870085388A /* ShowDetailsViewModel.swift */; };
		DAA95FE6281741920085388A /* ShowDetailsView.swift in Sources */ = {isa = PBXBuildFile; fileRef = DAA95FE5281741920085388A /* ShowDetailsView.swift */; };
		DAA95FE92817430B0085388A /* ShowDetailsEndpoint.swift in Sources */ = {isa = PBXBuildFile; fileRef = DAA95FE82817430B0085388A /* ShowDetailsEndpoint.swift */; };
		DAA95FEB281743180085388A /* ShowDetailsService.swift in Sources */ = {isa = PBXBuildFile; fileRef = DAA95FEA281743180085388A /* ShowDetailsService.swift */; };
		DAA95FED2817446D0085388A /* Episodes.swift in Sources */ = {isa = PBXBuildFile; fileRef = DAA95FEC2817446D0085388A /* Episodes.swift */; };
		DAA95FEF281744740085388A /* Seasons.swift in Sources */ = {isa = PBXBuildFile; fileRef = DAA95FEE281744740085388A /* Seasons.swift */; };
		DAA95FF1281745FB0085388A /* Crew.swift in Sources */ = {isa = PBXBuildFile; fileRef = DAA95FF0281745FB0085388A /* Crew.swift */; };
		DAA95FF3281747750085388A /* ShowImage.swift in Sources */ = {isa = PBXBuildFile; fileRef = DAA95FF2281747750085388A /* ShowImage.swift */; };
		DAA95FF528175CE10085388A /* LazyImage.swift in Sources */ = {isa = PBXBuildFile; fileRef = DAA95FF428175CE10085388A /* LazyImage.swift */; };
/* End PBXBuildFile section */

/* Begin PBXContainerItemProxy section */
		DAA95F6E2815E78D0085388A /* PBXContainerItemProxy */ = {
			isa = PBXContainerItemProxy;
			containerPortal = DAA95F4F2815E7890085388A /* Project object */;
			proxyType = 1;
			remoteGlobalIDString = DAA95F562815E7890085388A;
			remoteInfo = MazeApp;
		};
/* End PBXContainerItemProxy section */

/* Begin PBXFileReference section */
		DA18D36528179A10006816CB /* Cast.swift */ = {isa = PBXFileReference; lastKnownFileType = sourcecode.swift; path = Cast.swift; sourceTree = "<group>"; };
		DA18D36728187A2A006816CB /* StringsExtension.swift */ = {isa = PBXFileReference; lastKnownFileType = sourcecode.swift; path = StringsExtension.swift; sourceTree = "<group>"; };
		DA18D36928188617006816CB /* InfoView.swift */ = {isa = PBXFileReference; lastKnownFileType = sourcecode.swift; path = InfoView.swift; sourceTree = "<group>"; };
		DA18D36B28188622006816CB /* ShowHeaderView.swift */ = {isa = PBXFileReference; lastKnownFileType = sourcecode.swift; path = ShowHeaderView.swift; sourceTree = "<group>"; };
		DA18D36D2818863B006816CB /* InfoViewModel.swift */ = {isa = PBXFileReference; lastKnownFileType = sourcecode.swift; path = InfoViewModel.swift; sourceTree = "<group>"; };
		DA18D36F2818864A006816CB /* ShowHeaderViewModel.swift */ = {isa = PBXFileReference; lastKnownFileType = sourcecode.swift; path = ShowHeaderViewModel.swift; sourceTree = "<group>"; };
		DA18D37128189748006816CB /* SeasonView.swift */ = {isa = PBXFileReference; lastKnownFileType = sourcecode.swift; path = SeasonView.swift; sourceTree = "<group>"; };
		DA18D37328189EC3006816CB /* AppColors.swift */ = {isa = PBXFileReference; lastKnownFileType = sourcecode.swift; path = AppColors.swift; sourceTree = "<group>"; };
		DA18D3792818A6D3006816CB /* EpisodeDetailsRouter.swift */ = {isa = PBXFileReference; lastKnownFileType = sourcecode.swift; path = EpisodeDetailsRouter.swift; sourceTree = "<group>"; };
		DA18D37B2818A6DF006816CB /* EpisodeDetailsView.swift */ = {isa = PBXFileReference; lastKnownFileType = sourcecode.swift; path = EpisodeDetailsView.swift; sourceTree = "<group>"; };
		DA18D37D2818A6EC006816CB /* EpisodeDetailsViewModel.swift */ = {isa = PBXFileReference; lastKnownFileType = sourcecode.swift; path = EpisodeDetailsViewModel.swift; sourceTree = "<group>"; };
		DA18D37F2818C313006816CB /* Rating.swift */ = {isa = PBXFileReference; lastKnownFileType = sourcecode.swift; path = Rating.swift; sourceTree = "<group>"; };
		DA18D3812818C80B006816CB /* EpisodeHeaderView.swift */ = {isa = PBXFileReference; lastKnownFileType = sourcecode.swift; path = EpisodeHeaderView.swift; sourceTree = "<group>"; };
		DA18D3832818C82F006816CB /* EpisodeHeaderViewModel.swift */ = {isa = PBXFileReference; lastKnownFileType = sourcecode.swift; path = EpisodeHeaderViewModel.swift; sourceTree = "<group>"; };
		DA18D38A2818D623006816CB /* PeopleDetailRouter.swift */ = {isa = PBXFileReference; lastKnownFileType = sourcecode.swift; path = PeopleDetailRouter.swift; sourceTree = "<group>"; };
		DA18D38C2818D62D006816CB /* PeopleDetailView.swift */ = {isa = PBXFileReference; lastKnownFileType = sourcecode.swift; path = PeopleDetailView.swift; sourceTree = "<group>"; };
		DA18D38E2818D639006816CB /* PeopleDetailViewModel.swift */ = {isa = PBXFileReference; lastKnownFileType = sourcecode.swift; path = PeopleDetailViewModel.swift; sourceTree = "<group>"; };
		DA18D3912818D80B006816CB /* PeopleEndpoint.swift */ = {isa = PBXFileReference; lastKnownFileType = sourcecode.swift; path = PeopleEndpoint.swift; sourceTree = "<group>"; };
		DA18D3932818D816006816CB /* PeopleService.swift */ = {isa = PBXFileReference; lastKnownFileType = sourcecode.swift; path = PeopleService.swift; sourceTree = "<group>"; };
		DA18D3952818F036006816CB /* ArrayExtension.swift */ = {isa = PBXFileReference; lastKnownFileType = sourcecode.swift; path = ArrayExtension.swift; sourceTree = "<group>"; };
		DA18D39728197F90006816CB /* PeopleDetailHeaderView.swift */ = {isa = PBXFileReference; lastKnownFileType = sourcecode.swift; path = PeopleDetailHeaderView.swift; sourceTree = "<group>"; };
		DA18D39928197FA2006816CB /* PeopleDetailShowsView.swift */ = {isa = PBXFileReference; lastKnownFileType = sourcecode.swift; path = PeopleDetailShowsView.swift; sourceTree = "<group>"; };
		DA18D39B28198308006816CB /* DateExtensions.swift */ = {isa = PBXFileReference; lastKnownFileType = sourcecode.swift; path = DateExtensions.swift; sourceTree = "<group>"; };
		DA18D39D281984B2006816CB /* PeopleDetailsHeaderViewModel.swift */ = {isa = PBXFileReference; lastKnownFileType = sourcecode.swift; path = PeopleDetailsHeaderViewModel.swift; sourceTree = "<group>"; };
		DA18D3A3281985E6006816CB /* SettingsRouter.swift */ = {isa = PBXFileReference; lastKnownFileType = sourcecode.swift; path = SettingsRouter.swift; sourceTree = "<group>"; };
		DA18D3A528198608006816CB /* SettingsViewModel.swift */ = {isa = PBXFileReference; lastKnownFileType = sourcecode.swift; path = SettingsViewModel.swift; sourceTree = "<group>"; };
		DA18D3A728198612006816CB /* SettingsView.swift */ = {isa = PBXFileReference; lastKnownFileType = sourcecode.swift; path = SettingsView.swift; sourceTree = "<group>"; };
		DA18D3A92819864B006816CB /* UserDefaultsExtension.swift */ = {isa = PBXFileReference; lastKnownFileType = sourcecode.swift; path = UserDefaultsExtension.swift; sourceTree = "<group>"; };
		DA18D3AB281988F6006816CB /* UIViewControllerExtension.swift */ = {isa = PBXFileReference; lastKnownFileType = sourcecode.swift; path = UIViewControllerExtension.swift; sourceTree = "<group>"; };
		DA18D3AE28198A95006816CB /* KeychainManager.swift */ = {isa = PBXFileReference; lastKnownFileType = sourcecode.swift; path = KeychainManager.swift; sourceTree = "<group>"; };
		DA18D3B028198AB6006816CB /* AuthenticationService.swift */ = {isa = PBXFileReference; lastKnownFileType = sourcecode.swift; path = AuthenticationService.swift; sourceTree = "<group>"; };
		DA18D3B328198CFF006816CB /* PinInputView.swift */ = {isa = PBXFileReference; lastKnownFileType = sourcecode.swift; path = PinInputView.swift; sourceTree = "<group>"; };
		DA18D3B928198DAE006816CB /* PinRegistrationViewController.swift */ = {isa = PBXFileReference; lastKnownFileType = sourcecode.swift; path = PinRegistrationViewController.swift; sourceTree = "<group>"; };
		DA18D3BB28198DC1006816CB /* PinRegistrationRouter.swift */ = {isa = PBXFileReference; lastKnownFileType = sourcecode.swift; path = PinRegistrationRouter.swift; sourceTree = "<group>"; };
		DA18D3BD28198DD1006816CB /* PinRegistrationViewModel.swift */ = {isa = PBXFileReference; lastKnownFileType = sourcecode.swift; path = PinRegistrationViewModel.swift; sourceTree = "<group>"; };
		DA18D3C328198ED1006816CB /* GuardViewController.swift */ = {isa = PBXFileReference; lastKnownFileType = sourcecode.swift; path = GuardViewController.swift; sourceTree = "<group>"; };
		DA18D3C528198EDF006816CB /* GuardViewModel.swift */ = {isa = PBXFileReference; lastKnownFileType = sourcecode.swift; path = GuardViewModel.swift; sourceTree = "<group>"; };
		DA18D3C728198EE9006816CB /* GuardRouter.swift */ = {isa = PBXFileReference; lastKnownFileType = sourcecode.swift; path = GuardRouter.swift; sourceTree = "<group>"; };
		DA18D3CE2819DD60006816CB /* ArrayExtensionTests.swift */ = {isa = PBXFileReference; lastKnownFileType = sourcecode.swift; path = ArrayExtensionTests.swift; sourceTree = "<group>"; };
		DA18D3D42819E020006816CB /* KeychainServiceTests.swift */ = {isa = PBXFileReference; lastKnownFileType = sourcecode.swift; path = KeychainServiceTests.swift; sourceTree = "<group>"; };
		DA18D3D62819E5BA006816CB /* AuthenticationServiceTests.swift */ = {isa = PBXFileReference; lastKnownFileType = sourcecode.swift; path = AuthenticationServiceTests.swift; sourceTree = "<group>"; };
		DAA95F572815E7890085388A /* MazeApp.app */ = {isa = PBXFileReference; explicitFileType = wrapper.application; includeInIndex = 0; path = MazeApp.app; sourceTree = BUILT_PRODUCTS_DIR; };
		DAA95F5A2815E7890085388A /* AppDelegate.swift */ = {isa = PBXFileReference; lastKnownFileType = sourcecode.swift; path = AppDelegate.swift; sourceTree = "<group>"; };
		DAA95F5C2815E7890085388A /* SceneDelegate.swift */ = {isa = PBXFileReference; lastKnownFileType = sourcecode.swift; path = SceneDelegate.swift; sourceTree = "<group>"; };
		DAA95F632815E78D0085388A /* Assets.xcassets */ = {isa = PBXFileReference; lastKnownFileType = folder.assetcatalog; path = Assets.xcassets; sourceTree = "<group>"; };
		DAA95F662815E78D0085388A /* Base */ = {isa = PBXFileReference; lastKnownFileType = file.storyboard; name = Base; path = Base.lproj/LaunchScreen.storyboard; sourceTree = "<group>"; };
		DAA95F682815E78D0085388A /* Info.plist */ = {isa = PBXFileReference; lastKnownFileType = text.plist.xml; path = Info.plist; sourceTree = "<group>"; };
		DAA95F6D2815E78D0085388A /* MazeAppTests.xctest */ = {isa = PBXFileReference; explicitFileType = wrapper.cfbundle; includeInIndex = 0; path = MazeAppTests.xctest; sourceTree = BUILT_PRODUCTS_DIR; };
		DAA95F712815E78D0085388A /* MazeAppTests.swift */ = {isa = PBXFileReference; lastKnownFileType = sourcecode.swift; path = MazeAppTests.swift; sourceTree = "<group>"; };
		DAA95F952815EE620085388A /* MazeNetwork */ = {isa = PBXFileReference; lastKnownFileType = wrapper; path = MazeNetwork; sourceTree = "<group>"; };
		DAA95FA22815F3980085388A /* Show.swift */ = {isa = PBXFileReference; lastKnownFileType = sourcecode.swift; path = Show.swift; sourceTree = "<group>"; };
		DAA95FA42815F3B50085388A /* ShowEndpoint.swift */ = {isa = PBXFileReference; lastKnownFileType = sourcecode.swift; path = ShowEndpoint.swift; sourceTree = "<group>"; };
		DAA95FA62815F4960085388A /* ShowService.swift */ = {isa = PBXFileReference; lastKnownFileType = sourcecode.swift; path = ShowService.swift; sourceTree = "<group>"; };
		DAA95FA92815F6A10085388A /* UIViewExtensions.swift */ = {isa = PBXFileReference; lastKnownFileType = sourcecode.swift; path = UIViewExtensions.swift; sourceTree = "<group>"; };
		DAA95FAB2815F6CB0085388A /* ReusableViews.swift */ = {isa = PBXFileReference; lastKnownFileType = sourcecode.swift; path = ReusableViews.swift; sourceTree = "<group>"; };
		DAA95FAD2815F8310085388A /* ShowListRouter.swift */ = {isa = PBXFileReference; lastKnownFileType = sourcecode.swift; path = ShowListRouter.swift; sourceTree = "<group>"; };
		DAA95FAF2815F8A80085388A /* ShowListController.swift */ = {isa = PBXFileReference; lastKnownFileType = sourcecode.swift; path = ShowListController.swift; sourceTree = "<group>"; };
		DAA95FB22815F9230085388A /* ShowListViewModel.swift */ = {isa = PBXFileReference; lastKnownFileType = sourcecode.swift; path = ShowListViewModel.swift; sourceTree = "<group>"; };
		DAA95FB52815F99A0085388A /* RootRouter.swift */ = {isa = PBXFileReference; lastKnownFileType = sourcecode.swift; path = RootRouter.swift; sourceTree = "<group>"; };
		DAA95FB72815FA050085388A /* ApplicationTabBarController.swift */ = {isa = PBXFileReference; lastKnownFileType = sourcecode.swift; path = ApplicationTabBarController.swift; sourceTree = "<group>"; };
		DAA95FB92815FBBF0085388A /* NavigationControllerExtension.swift */ = {isa = PBXFileReference; lastKnownFileType = sourcecode.swift; path = NavigationControllerExtension.swift; sourceTree = "<group>"; };
		DAA95FBB2815FD320085388A /* ShowCollectionCell.swift */ = {isa = PBXFileReference; lastKnownFileType = sourcecode.swift; path = ShowCollectionCell.swift; sourceTree = "<group>"; };
		DAA95FBD2815FDB30085388A /* UIFontExtension.swift */ = {isa = PBXFileReference; lastKnownFileType = sourcecode.swift; path = UIFontExtension.swift; sourceTree = "<group>"; };
		DAA95FBF281606910085388A /* LoadableImageView.swift */ = {isa = PBXFileReference; lastKnownFileType = sourcecode.swift; path = LoadableImageView.swift; sourceTree = "<group>"; };
		DAA95FC2281606F80085388A /* ActivityIndicatorExtension.swift */ = {isa = PBXFileReference; lastKnownFileType = sourcecode.swift; path = ActivityIndicatorExtension.swift; sourceTree = "<group>"; };
		DAA95FC528162A470085388A /* SearchRouter.swift */ = {isa = PBXFileReference; lastKnownFileType = sourcecode.swift; path = SearchRouter.swift; sourceTree = "<group>"; };
		DAA95FC728162A5A0085388A /* SearchController.swift */ = {isa = PBXFileReference; lastKnownFileType = sourcecode.swift; path = SearchController.swift; sourceTree = "<group>"; };
		DAA95FC928162A6C0085388A /* SearchViewModel.swift */ = {isa = PBXFileReference; lastKnownFileType = sourcecode.swift; path = SearchViewModel.swift; sourceTree = "<group>"; };
		DAA95FCB28162AA50085388A /* SearchEndpoint.swift */ = {isa = PBXFileReference; lastKnownFileType = sourcecode.swift; path = SearchEndpoint.swift; sourceTree = "<group>"; };
		DAA95FCD28162AB10085388A /* SearchService.swift */ = {isa = PBXFileReference; lastKnownFileType = sourcecode.swift; path = SearchService.swift; sourceTree = "<group>"; };
		DAA95FD328162DE90085388A /* People.swift */ = {isa = PBXFileReference; lastKnownFileType = sourcecode.swift; path = People.swift; sourceTree = "<group>"; };
		DAA95FD528162EA50085388A /* MazeImage.swift */ = {isa = PBXFileReference; lastKnownFileType = sourcecode.swift; path = MazeImage.swift; sourceTree = "<group>"; };
		DAA95FD7281631150085388A /* SearchTableViewCell.swift */ = {isa = PBXFileReference; lastKnownFileType = sourcecode.swift; path = SearchTableViewCell.swift; sourceTree = "<group>"; };
		DAA95FD9281631A70085388A /* SearchTableCellModel.swift */ = {isa = PBXFileReference; lastKnownFileType = sourcecode.swift; path = SearchTableCellModel.swift; sourceTree = "<group>"; };
		DAA95FE1281741760085388A /* ShowDetailsRouter.swift */ = {isa = PBXFileReference; lastKnownFileType = sourcecode.swift; path = ShowDetailsRouter.swift; sourceTree = "<group>"; };
		DAA95FE3281741870085388A /* ShowDetailsViewModel.swift */ = {isa = PBXFileReference; lastKnownFileType = sourcecode.swift; path = ShowDetailsViewModel.swift; sourceTree = "<group>"; };
		DAA95FE5281741920085388A /* ShowDetailsView.swift */ = {isa = PBXFileReference; lastKnownFileType = sourcecode.swift; path = ShowDetailsView.swift; sourceTree = "<group>"; };
		DAA95FE82817430B0085388A /* ShowDetailsEndpoint.swift */ = {isa = PBXFileReference; lastKnownFileType = sourcecode.swift; path = ShowDetailsEndpoint.swift; sourceTree = "<group>"; };
		DAA95FEA281743180085388A /* ShowDetailsService.swift */ = {isa = PBXFileReference; lastKnownFileType = sourcecode.swift; path = ShowDetailsService.swift; sourceTree = "<group>"; };
		DAA95FEC2817446D0085388A /* Episodes.swift */ = {isa = PBXFileReference; lastKnownFileType = sourcecode.swift; path = Episodes.swift; sourceTree = "<group>"; };
		DAA95FEE281744740085388A /* Seasons.swift */ = {isa = PBXFileReference; lastKnownFileType = sourcecode.swift; path = Seasons.swift; sourceTree = "<group>"; };
		DAA95FF0281745FB0085388A /* Crew.swift */ = {isa = PBXFileReference; lastKnownFileType = sourcecode.swift; path = Crew.swift; sourceTree = "<group>"; };
		DAA95FF2281747750085388A /* ShowImage.swift */ = {isa = PBXFileReference; lastKnownFileType = sourcecode.swift; path = ShowImage.swift; sourceTree = "<group>"; };
		DAA95FF428175CE10085388A /* LazyImage.swift */ = {isa = PBXFileReference; lastKnownFileType = sourcecode.swift; path = LazyImage.swift; sourceTree = "<group>"; };
/* End PBXFileReference section */

/* Begin PBXFrameworksBuildPhase section */
		DAA95F542815E7890085388A /* Frameworks */ = {
			isa = PBXFrameworksBuildPhase;
			buildActionMask = 2147483647;
			files = (
				DAA95F982815EEB10085388A /* MazeNetwork in Frameworks */,
				DAA95F9B2815F2070085388A /* Nuke in Frameworks */,
			);
			runOnlyForDeploymentPostprocessing = 0;
		};
		DAA95F6A2815E78D0085388A /* Frameworks */ = {
			isa = PBXFrameworksBuildPhase;
			buildActionMask = 2147483647;
			files = (
			);
			runOnlyForDeploymentPostprocessing = 0;
		};
/* End PBXFrameworksBuildPhase section */

/* Begin PBXGroup section */
		DA18D3752818A6AB006816CB /* EpisodeDetails */ = {
			isa = PBXGroup;
			children = (
				DA18D3782818A6BC006816CB /* ViewModel */,
				DA18D3772818A6B8006816CB /* Router */,
				DA18D3762818A6B3006816CB /* View */,
			);
			path = EpisodeDetails;
			sourceTree = "<group>";
		};
		DA18D3762818A6B3006816CB /* View */ = {
			isa = PBXGroup;
			children = (
				DA18D37B2818A6DF006816CB /* EpisodeDetailsView.swift */,
				DA18D3812818C80B006816CB /* EpisodeHeaderView.swift */,
			);
			path = View;
			sourceTree = "<group>";
		};
		DA18D3772818A6B8006816CB /* Router */ = {
			isa = PBXGroup;
			children = (
				DA18D3792818A6D3006816CB /* EpisodeDetailsRouter.swift */,
			);
			path = Router;
			sourceTree = "<group>";
		};
		DA18D3782818A6BC006816CB /* ViewModel */ = {
			isa = PBXGroup;
			children = (
				DA18D37D2818A6EC006816CB /* EpisodeDetailsViewModel.swift */,
				DA18D3832818C82F006816CB /* EpisodeHeaderViewModel.swift */,
			);
			path = ViewModel;
			sourceTree = "<group>";
		};
		DA18D3852818CF53006816CB /* InfoView */ = {
			isa = PBXGroup;
			children = (
				DA18D36D2818863B006816CB /* InfoViewModel.swift */,
				DA18D36928188617006816CB /* InfoView.swift */,
			);
			path = InfoView;
			sourceTree = "<group>";
		};
		DA18D3862818D11D006816CB /* PeopleDetails */ = {
			isa = PBXGroup;
			children = (
				DA18D3902818D7FB006816CB /* PeopleService */,
				DA18D3892818D14B006816CB /* Router */,
				DA18D3882818D140006816CB /* View */,
				DA18D3872818D133006816CB /* ViewModel */,
			);
			path = PeopleDetails;
			sourceTree = "<group>";
		};
		DA18D3872818D133006816CB /* ViewModel */ = {
			isa = PBXGroup;
			children = (
				DA18D38E2818D639006816CB /* PeopleDetailViewModel.swift */,
				DA18D39D281984B2006816CB /* PeopleDetailsHeaderViewModel.swift */,
			);
			path = ViewModel;
			sourceTree = "<group>";
		};
		DA18D3882818D140006816CB /* View */ = {
			isa = PBXGroup;
			children = (
				DA18D39728197F90006816CB /* PeopleDetailHeaderView.swift */,
				DA18D39928197FA2006816CB /* PeopleDetailShowsView.swift */,
				DA18D38C2818D62D006816CB /* PeopleDetailView.swift */,
			);
			path = View;
			sourceTree = "<group>";
		};
		DA18D3892818D14B006816CB /* Router */ = {
			isa = PBXGroup;
			children = (
				DA18D38A2818D623006816CB /* PeopleDetailRouter.swift */,
			);
			path = Router;
			sourceTree = "<group>";
		};
		DA18D3902818D7FB006816CB /* PeopleService */ = {
			isa = PBXGroup;
			children = (
				DA18D3912818D80B006816CB /* PeopleEndpoint.swift */,
				DA18D3932818D816006816CB /* PeopleService.swift */,
			);
			path = PeopleService;
			sourceTree = "<group>";
		};
		DA18D39F281985AF006816CB /* Settings */ = {
			isa = PBXGroup;
			children = (
				DA18D3A2281985CE006816CB /* View */,
				DA18D3A1281985C9006816CB /* ViewModel */,
				DA18D3A0281985C4006816CB /* Router */,
			);
			path = Settings;
			sourceTree = "<group>";
		};
		DA18D3A0281985C4006816CB /* Router */ = {
			isa = PBXGroup;
			children = (
				DA18D3A3281985E6006816CB /* SettingsRouter.swift */,
			);
			path = Router;
			sourceTree = "<group>";
		};
		DA18D3A1281985C9006816CB /* ViewModel */ = {
			isa = PBXGroup;
			children = (
				DA18D3A528198608006816CB /* SettingsViewModel.swift */,
			);
			path = ViewModel;
			sourceTree = "<group>";
		};
		DA18D3A2281985CE006816CB /* View */ = {
			isa = PBXGroup;
			children = (
				DA18D3A728198612006816CB /* SettingsView.swift */,
			);
			path = View;
			sourceTree = "<group>";
		};
		DA18D3AD28198A82006816CB /* Services */ = {
			isa = PBXGroup;
			children = (
				DA18D3AE28198A95006816CB /* KeychainManager.swift */,
				DA18D3B028198AB6006816CB /* AuthenticationService.swift */,
			);
			path = Services;
			sourceTree = "<group>";
		};
		DA18D3B228198CEC006816CB /* Pin */ = {
			isa = PBXGroup;
			children = (
				DA18D3B328198CFF006816CB /* PinInputView.swift */,
			);
			path = Pin;
			sourceTree = "<group>";
		};
		DA18D3B528198D5A006816CB /* PinRegistration */ = {
			isa = PBXGroup;
			children = (
				DA18D3B828198D89006816CB /* ViewModel */,
				DA18D3B728198D82006816CB /* View */,
				DA18D3B628198D7A006816CB /* Router */,
			);
			path = PinRegistration;
			sourceTree = "<group>";
		};
		DA18D3B628198D7A006816CB /* Router */ = {
			isa = PBXGroup;
			children = (
				DA18D3BB28198DC1006816CB /* PinRegistrationRouter.swift */,
			);
			path = Router;
			sourceTree = "<group>";
		};
		DA18D3B728198D82006816CB /* View */ = {
			isa = PBXGroup;
			children = (
				DA18D3B928198DAE006816CB /* PinRegistrationViewController.swift */,
			);
			path = View;
			sourceTree = "<group>";
		};
		DA18D3B828198D89006816CB /* ViewModel */ = {
			isa = PBXGroup;
			children = (
				DA18D3BD28198DD1006816CB /* PinRegistrationViewModel.swift */,
			);
			path = ViewModel;
			sourceTree = "<group>";
		};
		DA18D3BF28198EA4006816CB /* Guard */ = {
			isa = PBXGroup;
			children = (
				DA18D3C228198EC1006816CB /* ViewModel */,
				DA18D3C128198EBD006816CB /* View */,
				DA18D3C028198EB2006816CB /* Router */,
			);
			path = Guard;
			sourceTree = "<group>";
		};
		DA18D3C028198EB2006816CB /* Router */ = {
			isa = PBXGroup;
			children = (
				DA18D3C728198EE9006816CB /* GuardRouter.swift */,
			);
			path = Router;
			sourceTree = "<group>";
		};
		DA18D3C128198EBD006816CB /* View */ = {
			isa = PBXGroup;
			children = (
				DA18D3C328198ED1006816CB /* GuardViewController.swift */,
			);
			path = View;
			sourceTree = "<group>";
		};
		DA18D3C228198EC1006816CB /* ViewModel */ = {
			isa = PBXGroup;
			children = (
				DA18D3C528198EDF006816CB /* GuardViewModel.swift */,
			);
			path = ViewModel;
			sourceTree = "<group>";
		};
		DA18D3CD2819DD4D006816CB /* ExtensionsTests */ = {
			isa = PBXGroup;
			children = (
				DA18D3CE2819DD60006816CB /* ArrayExtensionTests.swift */,
			);
			path = ExtensionsTests;
			sourceTree = "<group>";
		};
		DA18D3D32819E010006816CB /* ServicesTests */ = {
			isa = PBXGroup;
			children = (
				DA18D3D42819E020006816CB /* KeychainServiceTests.swift */,
				DA18D3D62819E5BA006816CB /* AuthenticationServiceTests.swift */,
			);
			path = ServicesTests;
			sourceTree = "<group>";
		};
		DAA95F4E2815E7890085388A = {
			isa = PBXGroup;
			children = (
				DAA95F942815EE620085388A /* Packages */,
				DAA95F592815E7890085388A /* MazeApp */,
				DAA95F702815E78D0085388A /* MazeAppTests */,
				DAA95F582815E7890085388A /* Products */,
				DAA95F962815EEB10085388A /* Frameworks */,
			);
			sourceTree = "<group>";
		};
		DAA95F582815E7890085388A /* Products */ = {
			isa = PBXGroup;
			children = (
				DAA95F572815E7890085388A /* MazeApp.app */,
				DAA95F6D2815E78D0085388A /* MazeAppTests.xctest */,
			);
			name = Products;
			sourceTree = "<group>";
		};
		DAA95F592815E7890085388A /* MazeApp */ = {
			isa = PBXGroup;
			children = (
				DA18D3AD28198A82006816CB /* Services */,
				DAA95FC1281606B90085388A /* CustomComponents */,
				DAA95FA82815F6600085388A /* Extensions */,
				DAA95FA12815F3720085388A /* Models */,
				DAA95F9C2815F3470085388A /* Modules */,
				DAA95F5A2815E7890085388A /* AppDelegate.swift */,
				DAA95F5C2815E7890085388A /* SceneDelegate.swift */,
				DAA95F632815E78D0085388A /* Assets.xcassets */,
				DAA95F652815E78D0085388A /* LaunchScreen.storyboard */,
				DAA95F682815E78D0085388A /* Info.plist */,
			);
			path = MazeApp;
			sourceTree = "<group>";
		};
		DAA95F702815E78D0085388A /* MazeAppTests */ = {
			isa = PBXGroup;
			children = (
				DA18D3D32819E010006816CB /* ServicesTests */,
				DA18D3CD2819DD4D006816CB /* ExtensionsTests */,
				DAA95F712815E78D0085388A /* MazeAppTests.swift */,
			);
			path = MazeAppTests;
			sourceTree = "<group>";
		};
		DAA95F942815EE620085388A /* Packages */ = {
			isa = PBXGroup;
			children = (
				DAA95F952815EE620085388A /* MazeNetwork */,
			);
			name = Packages;
			sourceTree = "<group>";
		};
		DAA95F962815EEB10085388A /* Frameworks */ = {
			isa = PBXGroup;
			children = (
			);
			name = Frameworks;
			sourceTree = "<group>";
		};
		DAA95F9C2815F3470085388A /* Modules */ = {
			isa = PBXGroup;
			children = (
				DAA95FB42815F98F0085388A /* Root */,
				DA18D3BF28198EA4006816CB /* Guard */,
				DA18D3B528198D5A006816CB /* PinRegistration */,
				DA18D3B228198CEC006816CB /* Pin */,
				DA18D39F281985AF006816CB /* Settings */,
				DA18D3862818D11D006816CB /* PeopleDetails */,
				DA18D3752818A6AB006816CB /* EpisodeDetails */,
				DAA95FDD2817414C0085388A /* ShowDetails */,
				DAA95FC4281611140085388A /* ShowSearch */,
				DAA95F9D2815F3500085388A /* ShowsList */,
			);
			path = Modules;
			sourceTree = "<group>";
		};
		DAA95F9D2815F3500085388A /* ShowsList */ = {
			isa = PBXGroup;
			children = (
				DAA95FB12815F9190085388A /* ViewModels */,
				DAA95FA02815F3670085388A /* Router */,
				DAA95F9F2815F3620085388A /* Views */,
				DAA95F9E2815F35C0085388A /* Service */,
			);
			path = ShowsList;
			sourceTree = "<group>";
		};
		DAA95F9E2815F35C0085388A /* Service */ = {
			isa = PBXGroup;
			children = (
				DAA95FA42815F3B50085388A /* ShowEndpoint.swift */,
				DAA95FA62815F4960085388A /* ShowService.swift */,
			);
			path = Service;
			sourceTree = "<group>";
		};
		DAA95F9F2815F3620085388A /* Views */ = {
			isa = PBXGroup;
			children = (
				DAA95FAF2815F8A80085388A /* ShowListController.swift */,
				DAA95FBB2815FD320085388A /* ShowCollectionCell.swift */,
			);
			path = Views;
			sourceTree = "<group>";
		};
		DAA95FA02815F3670085388A /* Router */ = {
			isa = PBXGroup;
			children = (
				DAA95FAD2815F8310085388A /* ShowListRouter.swift */,
			);
			path = Router;
			sourceTree = "<group>";
		};
		DAA95FA12815F3720085388A /* Models */ = {
			isa = PBXGroup;
			children = (
				DAA95FA22815F3980085388A /* Show.swift */,
				DAA95FD328162DE90085388A /* People.swift */,
				DAA95FD528162EA50085388A /* MazeImage.swift */,
				DAA95FEC2817446D0085388A /* Episodes.swift */,
				DAA95FEE281744740085388A /* Seasons.swift */,
				DAA95FF0281745FB0085388A /* Crew.swift */,
				DAA95FF2281747750085388A /* ShowImage.swift */,
				DA18D36528179A10006816CB /* Cast.swift */,
				DA18D37F2818C313006816CB /* Rating.swift */,
			);
			path = Models;
			sourceTree = "<group>";
		};
		DAA95FA82815F6600085388A /* Extensions */ = {
			isa = PBXGroup;
			children = (
				DAA95FA92815F6A10085388A /* UIViewExtensions.swift */,
				DAA95FAB2815F6CB0085388A /* ReusableViews.swift */,
				DAA95FB92815FBBF0085388A /* NavigationControllerExtension.swift */,
				DAA95FBD2815FDB30085388A /* UIFontExtension.swift */,
				DAA95FC2281606F80085388A /* ActivityIndicatorExtension.swift */,
				DA18D36728187A2A006816CB /* StringsExtension.swift */,
				DA18D37328189EC3006816CB /* AppColors.swift */,
				DA18D3952818F036006816CB /* ArrayExtension.swift */,
				DA18D39B28198308006816CB /* DateExtensions.swift */,
				DA18D3A92819864B006816CB /* UserDefaultsExtension.swift */,
				DA18D3AB281988F6006816CB /* UIViewControllerExtension.swift */,
			);
			path = Extensions;
			sourceTree = "<group>";
		};
		DAA95FB12815F9190085388A /* ViewModels */ = {
			isa = PBXGroup;
			children = (
				DAA95FB22815F9230085388A /* ShowListViewModel.swift */,
			);
			path = ViewModels;
			sourceTree = "<group>";
		};
		DAA95FB42815F98F0085388A /* Root */ = {
			isa = PBXGroup;
			children = (
				DAA95FB52815F99A0085388A /* RootRouter.swift */,
				DAA95FB72815FA050085388A /* ApplicationTabBarController.swift */,
			);
			path = Root;
			sourceTree = "<group>";
		};
		DAA95FC1281606B90085388A /* CustomComponents */ = {
			isa = PBXGroup;
			children = (
				DA18D3852818CF53006816CB /* InfoView */,
				DAA95FBF281606910085388A /* LoadableImageView.swift */,
			);
			path = CustomComponents;
			sourceTree = "<group>";
		};
		DAA95FC4281611140085388A /* ShowSearch */ = {
			isa = PBXGroup;
			children = (
				DAA95FD228162AD30085388A /* ViewModels */,
				DAA95FD128162ACA0085388A /* Views */,
				DAA95FD028162AC00085388A /* Router */,
				DAA95FCF28162AB60085388A /* Service */,
			);
			path = ShowSearch;
			sourceTree = "<group>";
		};
		DAA95FCF28162AB60085388A /* Service */ = {
			isa = PBXGroup;
			children = (
				DAA95FCB28162AA50085388A /* SearchEndpoint.swift */,
				DAA95FCD28162AB10085388A /* SearchService.swift */,
			);
			path = Service;
			sourceTree = "<group>";
		};
		DAA95FD028162AC00085388A /* Router */ = {
			isa = PBXGroup;
			children = (
				DAA95FC528162A470085388A /* SearchRouter.swift */,
			);
			path = Router;
			sourceTree = "<group>";
		};
		DAA95FD128162ACA0085388A /* Views */ = {
			isa = PBXGroup;
			children = (
				DAA95FC728162A5A0085388A /* SearchController.swift */,
				DAA95FD7281631150085388A /* SearchTableViewCell.swift */,
			);
			path = Views;
			sourceTree = "<group>";
		};
		DAA95FD228162AD30085388A /* ViewModels */ = {
			isa = PBXGroup;
			children = (
				DAA95FC928162A6C0085388A /* SearchViewModel.swift */,
				DAA95FD9281631A70085388A /* SearchTableCellModel.swift */,
			);
			path = ViewModels;
			sourceTree = "<group>";
		};
		DAA95FDD2817414C0085388A /* ShowDetails */ = {
			isa = PBXGroup;
			children = (
				DAA95FE7281742FC0085388A /* Services */,
				DAA95FE0281741610085388A /* ViewModels */,
				DAA95FDF2817415A0085388A /* Views */,
				DAA95FDE281741550085388A /* Router */,
			);
			path = ShowDetails;
			sourceTree = "<group>";
		};
		DAA95FDE281741550085388A /* Router */ = {
			isa = PBXGroup;
			children = (
				DAA95FE1281741760085388A /* ShowDetailsRouter.swift */,
			);
			path = Router;
			sourceTree = "<group>";
		};
		DAA95FDF2817415A0085388A /* Views */ = {
			isa = PBXGroup;
			children = (
				DAA95FE5281741920085388A /* ShowDetailsView.swift */,
				DAA95FF428175CE10085388A /* LazyImage.swift */,
				DA18D36B28188622006816CB /* ShowHeaderView.swift */,
				DA18D37128189748006816CB /* SeasonView.swift */,
			);
			path = Views;
			sourceTree = "<group>";
		};
		DAA95FE0281741610085388A /* ViewModels */ = {
			isa = PBXGroup;
			children = (
				DAA95FE3281741870085388A /* ShowDetailsViewModel.swift */,
				DA18D36F2818864A006816CB /* ShowHeaderViewModel.swift */,
			);
			path = ViewModels;
			sourceTree = "<group>";
		};
		DAA95FE7281742FC0085388A /* Services */ = {
			isa = PBXGroup;
			children = (
				DAA95FE82817430B0085388A /* ShowDetailsEndpoint.swift */,
				DAA95FEA281743180085388A /* ShowDetailsService.swift */,
			);
			path = Services;
			sourceTree = "<group>";
		};
/* End PBXGroup section */

/* Begin PBXNativeTarget section */
		DAA95F562815E7890085388A /* MazeApp */ = {
			isa = PBXNativeTarget;
			buildConfigurationList = DAA95F812815E78D0085388A /* Build configuration list for PBXNativeTarget "MazeApp" */;
			buildPhases = (
				DAA95F532815E7890085388A /* Sources */,
				DAA95F542815E7890085388A /* Frameworks */,
				DAA95F552815E7890085388A /* Resources */,
				DA18D3C92819C881006816CB /* ShellScript */,
			);
			buildRules = (
			);
			dependencies = (
			);
			name = MazeApp;
			packageProductDependencies = (
				DAA95F972815EEB10085388A /* MazeNetwork */,
				DAA95F9A2815F2070085388A /* Nuke */,
			);
			productName = MazeApp;
			productReference = DAA95F572815E7890085388A /* MazeApp.app */;
			productType = "com.apple.product-type.application";
		};
		DAA95F6C2815E78D0085388A /* MazeAppTests */ = {
			isa = PBXNativeTarget;
			buildConfigurationList = DAA95F842815E78D0085388A /* Build configuration list for PBXNativeTarget "MazeAppTests" */;
			buildPhases = (
				DAA95F692815E78D0085388A /* Sources */,
				DAA95F6A2815E78D0085388A /* Frameworks */,
				DAA95F6B2815E78D0085388A /* Resources */,
			);
			buildRules = (
			);
			dependencies = (
				DAA95F6F2815E78D0085388A /* PBXTargetDependency */,
			);
			name = MazeAppTests;
			productName = MazeAppTests;
			productReference = DAA95F6D2815E78D0085388A /* MazeAppTests.xctest */;
			productType = "com.apple.product-type.bundle.unit-test";
		};
/* End PBXNativeTarget section */

/* Begin PBXProject section */
		DAA95F4F2815E7890085388A /* Project object */ = {
			isa = PBXProject;
			attributes = {
				BuildIndependentTargetsInParallel = 1;
				LastSwiftUpdateCheck = 1330;
				LastUpgradeCheck = 1330;
				TargetAttributes = {
					DAA95F562815E7890085388A = {
						CreatedOnToolsVersion = 13.3.1;
					};
					DAA95F6C2815E78D0085388A = {
						CreatedOnToolsVersion = 13.3.1;
						TestTargetID = DAA95F562815E7890085388A;
					};
				};
			};
			buildConfigurationList = DAA95F522815E7890085388A /* Build configuration list for PBXProject "MazeApp" */;
			compatibilityVersion = "Xcode 13.0";
			developmentRegion = en;
			hasScannedForEncodings = 0;
			knownRegions = (
				en,
				Base,
			);
			mainGroup = DAA95F4E2815E7890085388A;
			packageReferences = (
				DAA95F992815F2070085388A /* XCRemoteSwiftPackageReference "Nuke" */,
			);
			productRefGroup = DAA95F582815E7890085388A /* Products */;
			projectDirPath = "";
			projectRoot = "";
			targets = (
				DAA95F562815E7890085388A /* MazeApp */,
				DAA95F6C2815E78D0085388A /* MazeAppTests */,
			);
		};
/* End PBXProject section */

/* Begin PBXResourcesBuildPhase section */
		DAA95F552815E7890085388A /* Resources */ = {
			isa = PBXResourcesBuildPhase;
			buildActionMask = 2147483647;
			files = (
				DAA95F672815E78D0085388A /* LaunchScreen.storyboard in Resources */,
				DAA95F642815E78D0085388A /* Assets.xcassets in Resources */,
			);
			runOnlyForDeploymentPostprocessing = 0;
		};
		DAA95F6B2815E78D0085388A /* Resources */ = {
			isa = PBXResourcesBuildPhase;
			buildActionMask = 2147483647;
			files = (
			);
			runOnlyForDeploymentPostprocessing = 0;
		};
/* End PBXResourcesBuildPhase section */

/* Begin PBXShellScriptBuildPhase section */
		DA18D3C92819C881006816CB /* ShellScript */ = {
			isa = PBXShellScriptBuildPhase;
			buildActionMask = 2147483647;
			files = (
			);
			inputFileListPaths = (
			);
			inputPaths = (
			);
			outputFileListPaths = (
			);
			outputPaths = (
			);
			runOnlyForDeploymentPostprocessing = 0;
			shellPath = /bin/sh;
			shellScript = "# Type a script or drag a script file from your workspace to insert its path.\nif which swiftlint > /dev/null; then\n  swiftlint\nelse\n  echo \"warning: SwiftLint not installed, download from https://github.com/realm/SwiftLint\"\nfi\n";
		};
/* End PBXShellScriptBuildPhase section */

/* Begin PBXSourcesBuildPhase section */
		DAA95F532815E7890085388A /* Sources */ = {
			isa = PBXSourcesBuildPhase;
			buildActionMask = 2147483647;
			files = (
				DAA95FC3281606F80085388A /* ActivityIndicatorExtension.swift in Sources */,
				DA18D37228189748006816CB /* SeasonView.swift in Sources */,
				DA18D37A2818A6D3006816CB /* EpisodeDetailsRouter.swift in Sources */,
				DA18D38F2818D639006816CB /* PeopleDetailViewModel.swift in Sources */,
				DAA95FB02815F8A80085388A /* ShowListController.swift in Sources */,
				DA18D3BC28198DC1006816CB /* PinRegistrationRouter.swift in Sources */,
				DA18D3C628198EDF006816CB /* GuardViewModel.swift in Sources */,
				DA18D3702818864A006816CB /* ShowHeaderViewModel.swift in Sources */,
				DAA95FA52815F3B50085388A /* ShowEndpoint.swift in Sources */,
				DAA95FE6281741920085388A /* ShowDetailsView.swift in Sources */,
				DAA95FBE2815FDB30085388A /* UIFontExtension.swift in Sources */,
				DA18D3B128198AB6006816CB /* AuthenticationService.swift in Sources */,
				DA18D38D2818D62D006816CB /* PeopleDetailView.swift in Sources */,
				DA18D3AA2819864B006816CB /* UserDefaultsExtension.swift in Sources */,
				DAA95FED2817446D0085388A /* Episodes.swift in Sources */,
				DA18D3962818F036006816CB /* ArrayExtension.swift in Sources */,
				DAA95FD428162DE90085388A /* People.swift in Sources */,
				DA18D39A28197FA2006816CB /* PeopleDetailShowsView.swift in Sources */,
				DA18D3C828198EE9006816CB /* GuardRouter.swift in Sources */,
				DAA95FCE28162AB10085388A /* SearchService.swift in Sources */,
				DA18D39828197F91006816CB /* PeopleDetailHeaderView.swift in Sources */,
				DAA95FF1281745FB0085388A /* Crew.swift in Sources */,
				DA18D3942818D816006816CB /* PeopleService.swift in Sources */,
				DA18D3802818C313006816CB /* Rating.swift in Sources */,
				DA18D3C428198ED1006816CB /* GuardViewController.swift in Sources */,
				DAA95FC0281606910085388A /* LoadableImageView.swift in Sources */,
				DAA95FAA2815F6A10085388A /* UIViewExtensions.swift in Sources */,
				DA18D3AC281988F6006816CB /* UIViewControllerExtension.swift in Sources */,
				DA18D3A828198612006816CB /* SettingsView.swift in Sources */,
				DAA95FF3281747750085388A /* ShowImage.swift in Sources */,
				DA18D3BE28198DD1006816CB /* PinRegistrationViewModel.swift in Sources */,
				DAA95FBA2815FBBF0085388A /* NavigationControllerExtension.swift in Sources */,
				DAA95FC628162A470085388A /* SearchRouter.swift in Sources */,
				DA18D36628179A10006816CB /* Cast.swift in Sources */,
				DAA95FE2281741760085388A /* ShowDetailsRouter.swift in Sources */,
				DAA95FDA281631A70085388A /* SearchTableCellModel.swift in Sources */,
				DA18D36A28188617006816CB /* InfoView.swift in Sources */,
				DA18D36E2818863B006816CB /* InfoViewModel.swift in Sources */,
				DA18D3A4281985E6006816CB /* SettingsRouter.swift in Sources */,
				DAA95FB82815FA050085388A /* ApplicationTabBarController.swift in Sources */,
				DA18D3822818C80B006816CB /* EpisodeHeaderView.swift in Sources */,
				DAA95FB62815F99A0085388A /* RootRouter.swift in Sources */,
				DAA95FCC28162AA50085388A /* SearchEndpoint.swift in Sources */,
				DA18D3922818D80B006816CB /* PeopleEndpoint.swift in Sources */,
				DA18D36828187A2A006816CB /* StringsExtension.swift in Sources */,
				DAA95FCA28162A6C0085388A /* SearchViewModel.swift in Sources */,
				DA18D37C2818A6DF006816CB /* EpisodeDetailsView.swift in Sources */,
				DAA95F5B2815E7890085388A /* AppDelegate.swift in Sources */,
				DA18D37E2818A6EC006816CB /* EpisodeDetailsViewModel.swift in Sources */,
				DAA95FB32815F9230085388A /* ShowListViewModel.swift in Sources */,
				DA18D3842818C82F006816CB /* EpisodeHeaderViewModel.swift in Sources */,
				DAA95FBC2815FD320085388A /* ShowCollectionCell.swift in Sources */,
				DAA95FAE2815F8310085388A /* ShowListRouter.swift in Sources */,
				DA18D39C28198308006816CB /* DateExtensions.swift in Sources */,
				DAA95FA32815F3980085388A /* Show.swift in Sources */,
				DA18D36C28188622006816CB /* ShowHeaderView.swift in Sources */,
				DAA95FC828162A5A0085388A /* SearchController.swift in Sources */,
				DAA95FEF281744740085388A /* Seasons.swift in Sources */,
				DA18D3A628198608006816CB /* SettingsViewModel.swift in Sources */,
				DAA95FD8281631150085388A /* SearchTableViewCell.swift in Sources */,
				DAA95FF528175CE10085388A /* LazyImage.swift in Sources */,
				DA18D38B2818D623006816CB /* PeopleDetailRouter.swift in Sources */,
				DAA95FEB281743180085388A /* ShowDetailsService.swift in Sources */,
				DA18D37428189EC3006816CB /* AppColors.swift in Sources */,
				DAA95FE92817430B0085388A /* ShowDetailsEndpoint.swift in Sources */,
				DA18D3BA28198DAE006816CB /* PinRegistrationViewController.swift in Sources */,
				DAA95FA72815F4960085388A /* ShowService.swift in Sources */,
				DAA95FE4281741870085388A /* ShowDetailsViewModel.swift in Sources */,
				DA18D3AF28198A95006816CB /* KeychainManager.swift in Sources */,
				DAA95F5D2815E7890085388A /* SceneDelegate.swift in Sources */,
				DA18D39E281984B2006816CB /* PeopleDetailsHeaderViewModel.swift in Sources */,
				DAA95FAC2815F6CB0085388A /* ReusableViews.swift in Sources */,
				DA18D3B428198CFF006816CB /* PinInputView.swift in Sources */,
				DAA95FD628162EA50085388A /* MazeImage.swift in Sources */,
			);
			runOnlyForDeploymentPostprocessing = 0;
		};
		DAA95F692815E78D0085388A /* Sources */ = {
			isa = PBXSourcesBuildPhase;
			buildActionMask = 2147483647;
			files = (
				DA18D3D52819E020006816CB /* KeychainServiceTests.swift in Sources */,
				DAA95F722815E78D0085388A /* MazeAppTests.swift in Sources */,
				DA18D3D72819E5BA006816CB /* AuthenticationServiceTests.swift in Sources */,
				DA18D3CF2819DD60006816CB /* ArrayExtensionTests.swift in Sources */,
			);
			runOnlyForDeploymentPostprocessing = 0;
		};
/* End PBXSourcesBuildPhase section */

/* Begin PBXTargetDependency section */
		DAA95F6F2815E78D0085388A /* PBXTargetDependency */ = {
			isa = PBXTargetDependency;
			target = DAA95F562815E7890085388A /* MazeApp */;
			targetProxy = DAA95F6E2815E78D0085388A /* PBXContainerItemProxy */;
		};
/* End PBXTargetDependency section */

/* Begin PBXVariantGroup section */
		DAA95F652815E78D0085388A /* LaunchScreen.storyboard */ = {
			isa = PBXVariantGroup;
			children = (
				DAA95F662815E78D0085388A /* Base */,
			);
			name = LaunchScreen.storyboard;
			sourceTree = "<group>";
		};
/* End PBXVariantGroup section */

/* Begin XCBuildConfiguration section */
		DAA95F7F2815E78D0085388A /* Debug */ = {
			isa = XCBuildConfiguration;
			buildSettings = {
				ALWAYS_SEARCH_USER_PATHS = NO;
				CLANG_ANALYZER_NONNULL = YES;
				CLANG_ANALYZER_NUMBER_OBJECT_CONVERSION = YES_AGGRESSIVE;
				CLANG_CXX_LANGUAGE_STANDARD = "gnu++17";
				CLANG_ENABLE_MODULES = YES;
				CLANG_ENABLE_OBJC_ARC = YES;
				CLANG_ENABLE_OBJC_WEAK = YES;
				CLANG_WARN_BLOCK_CAPTURE_AUTORELEASING = YES;
				CLANG_WARN_BOOL_CONVERSION = YES;
				CLANG_WARN_COMMA = YES;
				CLANG_WARN_CONSTANT_CONVERSION = YES;
				CLANG_WARN_DEPRECATED_OBJC_IMPLEMENTATIONS = YES;
				CLANG_WARN_DIRECT_OBJC_ISA_USAGE = YES_ERROR;
				CLANG_WARN_DOCUMENTATION_COMMENTS = YES;
				CLANG_WARN_EMPTY_BODY = YES;
				CLANG_WARN_ENUM_CONVERSION = YES;
				CLANG_WARN_INFINITE_RECURSION = YES;
				CLANG_WARN_INT_CONVERSION = YES;
				CLANG_WARN_NON_LITERAL_NULL_CONVERSION = YES;
				CLANG_WARN_OBJC_IMPLICIT_RETAIN_SELF = YES;
				CLANG_WARN_OBJC_LITERAL_CONVERSION = YES;
				CLANG_WARN_OBJC_ROOT_CLASS = YES_ERROR;
				CLANG_WARN_QUOTED_INCLUDE_IN_FRAMEWORK_HEADER = YES;
				CLANG_WARN_RANGE_LOOP_ANALYSIS = YES;
				CLANG_WARN_STRICT_PROTOTYPES = YES;
				CLANG_WARN_SUSPICIOUS_MOVE = YES;
				CLANG_WARN_UNGUARDED_AVAILABILITY = YES_AGGRESSIVE;
				CLANG_WARN_UNREACHABLE_CODE = YES;
				CLANG_WARN__DUPLICATE_METHOD_MATCH = YES;
				COPY_PHASE_STRIP = NO;
				DEBUG_INFORMATION_FORMAT = dwarf;
				ENABLE_STRICT_OBJC_MSGSEND = YES;
				ENABLE_TESTABILITY = YES;
				GCC_C_LANGUAGE_STANDARD = gnu11;
				GCC_DYNAMIC_NO_PIC = NO;
				GCC_NO_COMMON_BLOCKS = YES;
				GCC_OPTIMIZATION_LEVEL = 0;
				GCC_PREPROCESSOR_DEFINITIONS = (
					"DEBUG=1",
					"$(inherited)",
				);
				GCC_WARN_64_TO_32_BIT_CONVERSION = YES;
				GCC_WARN_ABOUT_RETURN_TYPE = YES_ERROR;
				GCC_WARN_UNDECLARED_SELECTOR = YES;
				GCC_WARN_UNINITIALIZED_AUTOS = YES_AGGRESSIVE;
				GCC_WARN_UNUSED_FUNCTION = YES;
				GCC_WARN_UNUSED_VARIABLE = YES;
				IPHONEOS_DEPLOYMENT_TARGET = 15.4;
				MTL_ENABLE_DEBUG_INFO = INCLUDE_SOURCE;
				MTL_FAST_MATH = YES;
				ONLY_ACTIVE_ARCH = YES;
				SDKROOT = iphoneos;
				SWIFT_ACTIVE_COMPILATION_CONDITIONS = DEBUG;
				SWIFT_OPTIMIZATION_LEVEL = "-Onone";
			};
			name = Debug;
		};
		DAA95F802815E78D0085388A /* Release */ = {
			isa = XCBuildConfiguration;
			buildSettings = {
				ALWAYS_SEARCH_USER_PATHS = NO;
				CLANG_ANALYZER_NONNULL = YES;
				CLANG_ANALYZER_NUMBER_OBJECT_CONVERSION = YES_AGGRESSIVE;
				CLANG_CXX_LANGUAGE_STANDARD = "gnu++17";
				CLANG_ENABLE_MODULES = YES;
				CLANG_ENABLE_OBJC_ARC = YES;
				CLANG_ENABLE_OBJC_WEAK = YES;
				CLANG_WARN_BLOCK_CAPTURE_AUTORELEASING = YES;
				CLANG_WARN_BOOL_CONVERSION = YES;
				CLANG_WARN_COMMA = YES;
				CLANG_WARN_CONSTANT_CONVERSION = YES;
				CLANG_WARN_DEPRECATED_OBJC_IMPLEMENTATIONS = YES;
				CLANG_WARN_DIRECT_OBJC_ISA_USAGE = YES_ERROR;
				CLANG_WARN_DOCUMENTATION_COMMENTS = YES;
				CLANG_WARN_EMPTY_BODY = YES;
				CLANG_WARN_ENUM_CONVERSION = YES;
				CLANG_WARN_INFINITE_RECURSION = YES;
				CLANG_WARN_INT_CONVERSION = YES;
				CLANG_WARN_NON_LITERAL_NULL_CONVERSION = YES;
				CLANG_WARN_OBJC_IMPLICIT_RETAIN_SELF = YES;
				CLANG_WARN_OBJC_LITERAL_CONVERSION = YES;
				CLANG_WARN_OBJC_ROOT_CLASS = YES_ERROR;
				CLANG_WARN_QUOTED_INCLUDE_IN_FRAMEWORK_HEADER = YES;
				CLANG_WARN_RANGE_LOOP_ANALYSIS = YES;
				CLANG_WARN_STRICT_PROTOTYPES = YES;
				CLANG_WARN_SUSPICIOUS_MOVE = YES;
				CLANG_WARN_UNGUARDED_AVAILABILITY = YES_AGGRESSIVE;
				CLANG_WARN_UNREACHABLE_CODE = YES;
				CLANG_WARN__DUPLICATE_METHOD_MATCH = YES;
				COPY_PHASE_STRIP = NO;
				DEBUG_INFORMATION_FORMAT = "dwarf-with-dsym";
				ENABLE_NS_ASSERTIONS = NO;
				ENABLE_STRICT_OBJC_MSGSEND = YES;
				GCC_C_LANGUAGE_STANDARD = gnu11;
				GCC_NO_COMMON_BLOCKS = YES;
				GCC_WARN_64_TO_32_BIT_CONVERSION = YES;
				GCC_WARN_ABOUT_RETURN_TYPE = YES_ERROR;
				GCC_WARN_UNDECLARED_SELECTOR = YES;
				GCC_WARN_UNINITIALIZED_AUTOS = YES_AGGRESSIVE;
				GCC_WARN_UNUSED_FUNCTION = YES;
				GCC_WARN_UNUSED_VARIABLE = YES;
				IPHONEOS_DEPLOYMENT_TARGET = 15.4;
				MTL_ENABLE_DEBUG_INFO = NO;
				MTL_FAST_MATH = YES;
				SDKROOT = iphoneos;
				SWIFT_COMPILATION_MODE = wholemodule;
				SWIFT_OPTIMIZATION_LEVEL = "-O";
				VALIDATE_PRODUCT = YES;
			};
			name = Release;
		};
		DAA95F822815E78D0085388A /* Debug */ = {
			isa = XCBuildConfiguration;
			buildSettings = {
				ASSETCATALOG_COMPILER_APPICON_NAME = AppIcon;
				ASSETCATALOG_COMPILER_GLOBAL_ACCENT_COLOR_NAME = AccentColor;
				CODE_SIGN_STYLE = Automatic;
				CURRENT_PROJECT_VERSION = 1;
				DEVELOPMENT_TEAM = 489VWS49NR;
				GENERATE_INFOPLIST_FILE = YES;
				INFOPLIST_FILE = MazeApp/Info.plist;
				INFOPLIST_KEY_UIApplicationSupportsIndirectInputEvents = YES;
				INFOPLIST_KEY_UILaunchStoryboardName = LaunchScreen;
				INFOPLIST_KEY_UISupportedInterfaceOrientations_iPad = "UIInterfaceOrientationPortrait UIInterfaceOrientationPortraitUpsideDown UIInterfaceOrientationLandscapeLeft UIInterfaceOrientationLandscapeRight";
				INFOPLIST_KEY_UISupportedInterfaceOrientations_iPhone = "UIInterfaceOrientationPortrait UIInterfaceOrientationLandscapeLeft UIInterfaceOrientationLandscapeRight";
				LD_RUNPATH_SEARCH_PATHS = (
					"$(inherited)",
					"@executable_path/Frameworks",
				);
				MARKETING_VERSION = 1.0;
				PRODUCT_BUNDLE_IDENTIFIER = com.yuri.MazeApp;
				PRODUCT_NAME = "$(TARGET_NAME)";
				SWIFT_EMIT_LOC_STRINGS = YES;
				SWIFT_VERSION = 5.0;
				TARGETED_DEVICE_FAMILY = 1;
			};
			name = Debug;
		};
		DAA95F832815E78D0085388A /* Release */ = {
			isa = XCBuildConfiguration;
			buildSettings = {
				ASSETCATALOG_COMPILER_APPICON_NAME = AppIcon;
				ASSETCATALOG_COMPILER_GLOBAL_ACCENT_COLOR_NAME = AccentColor;
				CODE_SIGN_STYLE = Automatic;
				CURRENT_PROJECT_VERSION = 1;
				DEVELOPMENT_TEAM = 489VWS49NR;
				GENERATE_INFOPLIST_FILE = YES;
				INFOPLIST_FILE = MazeApp/Info.plist;
				INFOPLIST_KEY_UIApplicationSupportsIndirectInputEvents = YES;
				INFOPLIST_KEY_UILaunchStoryboardName = LaunchScreen;
				INFOPLIST_KEY_UISupportedInterfaceOrientations_iPad = "UIInterfaceOrientationPortrait UIInterfaceOrientationPortraitUpsideDown UIInterfaceOrientationLandscapeLeft UIInterfaceOrientationLandscapeRight";
				INFOPLIST_KEY_UISupportedInterfaceOrientations_iPhone = "UIInterfaceOrientationPortrait UIInterfaceOrientationLandscapeLeft UIInterfaceOrientationLandscapeRight";
				LD_RUNPATH_SEARCH_PATHS = (
					"$(inherited)",
					"@executable_path/Frameworks",
				);
				MARKETING_VERSION = 1.0;
				PRODUCT_BUNDLE_IDENTIFIER = com.yuri.MazeApp;
				PRODUCT_NAME = "$(TARGET_NAME)";
				SWIFT_EMIT_LOC_STRINGS = YES;
				SWIFT_VERSION = 5.0;
				TARGETED_DEVICE_FAMILY = 1;
			};
			name = Release;
		};
		DAA95F852815E78D0085388A /* Debug */ = {
			isa = XCBuildConfiguration;
			buildSettings = {
				ALWAYS_EMBED_SWIFT_STANDARD_LIBRARIES = YES;
				BUNDLE_LOADER = "$(TEST_HOST)";
				CODE_SIGN_STYLE = Automatic;
				CURRENT_PROJECT_VERSION = 1;
				DEVELOPMENT_TEAM = 489VWS49NR;
				GENERATE_INFOPLIST_FILE = YES;
				IPHONEOS_DEPLOYMENT_TARGET = 15.4;
				MARKETING_VERSION = 1.0;
				PRODUCT_BUNDLE_IDENTIFIER = com.yuri.MazeAppTests;
				PRODUCT_NAME = "$(TARGET_NAME)";
				SWIFT_EMIT_LOC_STRINGS = NO;
				SWIFT_VERSION = 5.0;
				TARGETED_DEVICE_FAMILY = "1,2";
				TEST_HOST = "$(BUILT_PRODUCTS_DIR)/MazeApp.app/MazeApp";
			};
			name = Debug;
		};
		DAA95F862815E78D0085388A /* Release */ = {
			isa = XCBuildConfiguration;
			buildSettings = {
				ALWAYS_EMBED_SWIFT_STANDARD_LIBRARIES = YES;
				BUNDLE_LOADER = "$(TEST_HOST)";
				CODE_SIGN_STYLE = Automatic;
				CURRENT_PROJECT_VERSION = 1;
				DEVELOPMENT_TEAM = 489VWS49NR;
				GENERATE_INFOPLIST_FILE = YES;
				IPHONEOS_DEPLOYMENT_TARGET = 15.4;
				MARKETING_VERSION = 1.0;
				PRODUCT_BUNDLE_IDENTIFIER = com.yuri.MazeAppTests;
				PRODUCT_NAME = "$(TARGET_NAME)";
				SWIFT_EMIT_LOC_STRINGS = NO;
				SWIFT_VERSION = 5.0;
				TARGETED_DEVICE_FAMILY = "1,2";
				TEST_HOST = "$(BUILT_PRODUCTS_DIR)/MazeApp.app/MazeApp";
			};
			name = Release;
		};
/* End XCBuildConfiguration section */

/* Begin XCConfigurationList section */
		DAA95F522815E7890085388A /* Build configuration list for PBXProject "MazeApp" */ = {
			isa = XCConfigurationList;
			buildConfigurations = (
				DAA95F7F2815E78D0085388A /* Debug */,
				DAA95F802815E78D0085388A /* Release */,
			);
			defaultConfigurationIsVisible = 0;
			defaultConfigurationName = Release;
		};
		DAA95F812815E78D0085388A /* Build configuration list for PBXNativeTarget "MazeApp" */ = {
			isa = XCConfigurationList;
			buildConfigurations = (
				DAA95F822815E78D0085388A /* Debug */,
				DAA95F832815E78D0085388A /* Release */,
			);
			defaultConfigurationIsVisible = 0;
			defaultConfigurationName = Release;
		};
		DAA95F842815E78D0085388A /* Build configuration list for PBXNativeTarget "MazeAppTests" */ = {
			isa = XCConfigurationList;
			buildConfigurations = (
				DAA95F852815E78D0085388A /* Debug */,
				DAA95F862815E78D0085388A /* Release */,
			);
			defaultConfigurationIsVisible = 0;
			defaultConfigurationName = Release;
		};
/* End XCConfigurationList section */

/* Begin XCRemoteSwiftPackageReference section */
		DAA95F992815F2070085388A /* XCRemoteSwiftPackageReference "Nuke" */ = {
			isa = XCRemoteSwiftPackageReference;
			repositoryURL = "https://github.com/kean/Nuke.git";
			requirement = {
				branch = master;
				kind = branch;
			};
		};
/* End XCRemoteSwiftPackageReference section */

/* Begin XCSwiftPackageProductDependency section */
		DAA95F972815EEB10085388A /* MazeNetwork */ = {
			isa = XCSwiftPackageProductDependency;
			productName = MazeNetwork;
		};
		DAA95F9A2815F2070085388A /* Nuke */ = {
			isa = XCSwiftPackageProductDependency;
			package = DAA95F992815F2070085388A /* XCRemoteSwiftPackageReference "Nuke" */;
			productName = Nuke;
		};
/* End XCSwiftPackageProductDependency section */
	};
	rootObject = DAA95F4F2815E7890085388A /* Project object */;
}
